
Microsoft Visual Studio Solution File, Format Version 12.00
Project("{FAE04EC0-301F-11D3-BF4B-00C04F79EFBC}") = "ClickPLC", "ClickPLC\ClickPLC.csproj", "{996FA9B7-E615-4755-AE73-0CCD296113A3}"
EndProject
Project("{FAE04EC0-301F-11D3-BF4B-00C04F79EFBC}") = "Example", "Example\Example.csproj", "{72E2D279-505F-4DFC-8700-F2606A4CA21E}"
EndProject
Project("{FAE04EC0-301F-11D3-BF4B-00C04F79EFBC}") = "TestClickPLC", "TestClickPLC\TestClickPLC.csproj", "{9FDA3140-3531-4460-8476-C5384365CD93}"
EndProject
Global
	GlobalSection(SolutionConfigurationPlatforms) = preSolution
		Debug|Any CPU = Debug|Any CPU
		Release|Any CPU = Release|Any CPU
	EndGlobalSection
	GlobalSection(ProjectConfigurationPlatforms) = postSolution
		{996FA9B7-E615-4755-AE73-0CCD296113A3}.Debug|Any CPU.ActiveCfg = Debug|Any CPU
		{996FA9B7-E615-4755-AE73-0CCD296113A3}.Debug|Any CPU.Build.0 = Debug|Any CPU
		{996FA9B7-E615-4755-AE73-0CCD296113A3}.Release|Any CPU.ActiveCfg = Release|Any CPU
		{996FA9B7-E615-4755-AE73-0CCD296113A3}.Release|Any CPU.Build.0 = Release|Any CPU
		{72E2D279-505F-4DFC-8700-F2606A4CA21E}.Debug|Any CPU.ActiveCfg = Debug|Any CPU
		{72E2D279-505F-4DFC-8700-F2606A4CA21E}.Debug|Any CPU.Build.0 = Debug|Any CPU
		{72E2D279-505F-4DFC-8700-F2606A4CA21E}.Release|Any CPU.ActiveCfg = Release|Any CPU
		{72E2D279-505F-4DFC-8700-F2606A4CA21E}.Release|Any CPU.Build.0 = Release|Any CPU
		{9FDA3140-3531-4460-8476-C5384365CD93}.Debug|Any CPU.ActiveCfg = Debug|Any CPU
		{9FDA3140-3531-4460-8476-C5384365CD93}.Debug|Any CPU.Build.0 = Debug|Any CPU
		{9FDA3140-3531-4460-8476-C5384365CD93}.Release|Any CPU.ActiveCfg = Release|Any CPU
		{9FDA3140-3531-4460-8476-C5384365CD93}.Release|Any CPU.Build.0 = Release|Any CPU
	EndGlobalSection
EndGlobal
